
Microsoft Visual Studio Solution File, Format Version 12.00
# Visual Studio Version 17
VisualStudioVersion = 17.11.35312.102
MinimumVisualStudioVersion = 10.0.40219.1
Project("{FAE04EC0-301F-11D3-BF4B-00C04F79EFBC}") = "SafeAction", "SafeAction.csproj", "{E3972A6F-F535-499B-B5DF-460D27650F6E}"
EndProject
Project("{FAE04EC0-301F-11D3-BF4B-00C04F79EFBC}") = "TestSafeAction", "..\TestSafeAction\TestSafeAction.csproj", "{74DC7F6E-1F5C-4DFD-A9E5-94A48BE0EE39}"
	ProjectSection(ProjectDependencies) = postProject
		{E3972A6F-F535-499B-B5DF-460D27650F6E} = {E3972A6F-F535-499B-B5DF-460D27650F6E}
	EndProjectSection
EndProject
Global
	GlobalSection(SolutionConfigurationPlatforms) = preSolution
		Debug|Any CPU = Debug|Any CPU
		Release|Any CPU = Release|Any CPU
	EndGlobalSection
	GlobalSection(ProjectConfigurationPlatforms) = postSolution
		{E3972A6F-F535-499B-B5DF-460D27650F6E}.Debug|Any CPU.ActiveCfg = Debug|Any CPU
		{E3972A6F-F535-499B-B5DF-460D27650F6E}.Debug|Any CPU.Build.0 = Debug|Any CPU
		{E3972A6F-F535-499B-B5DF-460D27650F6E}.Release|Any CPU.ActiveCfg = Release|Any CPU
		{E3972A6F-F535-499B-B5DF-460D27650F6E}.Release|Any CPU.Build.0 = Release|Any CPU
		{74DC7F6E-1F5C-4DFD-A9E5-94A48BE0EE39}.Debug|Any CPU.ActiveCfg = Debug|Any CPU
		{74DC7F6E-1F5C-4DFD-A9E5-94A48BE0EE39}.Debug|Any CPU.Build.0 = Debug|Any CPU
		{74DC7F6E-1F5C-4DFD-A9E5-94A48BE0EE39}.Release|Any CPU.ActiveCfg = Release|Any CPU
		{74DC7F6E-1F5C-4DFD-A9E5-94A48BE0EE39}.Release|Any CPU.Build.0 = Release|Any CPU
	EndGlobalSection
	GlobalSection(SolutionProperties) = preSolution
		HideSolutionNode = FALSE
	EndGlobalSection
	GlobalSection(ExtensibilityGlobals) = postSolution
		SolutionGuid = {85E7B6C1-9CF7-4B20-B3CF-0F5EF43EABE6}
	EndGlobalSection
EndGlobal
